
Microsoft Visual Studio Solution File, Format Version 12.00
# Visual Studio Version 16
VisualStudioVersion = 16.0.31624.102
MinimumVisualStudioVersion = 10.0.40219.1
Project("{FAE04EC0-301F-11D3-BF4B-00C04F79EFBC}") = "Leccion11_Arreglos", "Leccion11_Arreglos\Leccion11_Arreglos.csproj", "{D6B04AFA-D286-46A0-AB84-2FF2BFA35BDB}"
EndProject
Global
	GlobalSection(SolutionConfigurationPlatforms) = preSolution
		Debug|Any CPU = Debug|Any CPU
		Release|Any CPU = Release|Any CPU
	EndGlobalSection
	GlobalSection(ProjectConfigurationPlatforms) = postSolution
		{D6B04AFA-D286-46A0-AB84-2FF2BFA35BDB}.Debug|Any CPU.ActiveCfg = Debug|Any CPU
		{D6B04AFA-D286-46A0-AB84-2FF2BFA35BDB}.Debug|Any CPU.Build.0 = Debug|Any CPU
		{D6B04AFA-D286-46A0-AB84-2FF2BFA35BDB}.Release|Any CPU.ActiveCfg = Release|Any CPU
		{D6B04AFA-D286-46A0-AB84-2FF2BFA35BDB}.Release|Any CPU.Build.0 = Release|Any CPU
	EndGlobalSection
	GlobalSection(SolutionProperties) = preSolution
		HideSolutionNode = FALSE
	EndGlobalSection
	GlobalSection(ExtensibilityGlobals) = postSolution
		SolutionGuid = {A3DAFF86-F228-4911-B58D-96A658644E9D}
	EndGlobalSection
EndGlobal
