
Microsoft Visual Studio Solution File, Format Version 12.00
# Visual Studio Version 16
VisualStudioVersion = 16.0.31624.102
MinimumVisualStudioVersion = 10.0.40219.1
Project("{FAE04EC0-301F-11D3-BF4B-00C04F79EFBC}") = "Leccion14_OperadoresLogicos", "Leccion14_OperadoresLogicos\Leccion14_OperadoresLogicos.csproj", "{0DAADAB3-6D5E-4F3B-BBBE-D69F65064526}"
EndProject
Global
	GlobalSection(SolutionConfigurationPlatforms) = preSolution
		Debug|Any CPU = Debug|Any CPU
		Release|Any CPU = Release|Any CPU
	EndGlobalSection
	GlobalSection(ProjectConfigurationPlatforms) = postSolution
		{0DAADAB3-6D5E-4F3B-BBBE-D69F65064526}.Debug|Any CPU.ActiveCfg = Debug|Any CPU
		{0DAADAB3-6D5E-4F3B-BBBE-D69F65064526}.Debug|Any CPU.Build.0 = Debug|Any CPU
		{0DAADAB3-6D5E-4F3B-BBBE-D69F65064526}.Release|Any CPU.ActiveCfg = Release|Any CPU
		{0DAADAB3-6D5E-4F3B-BBBE-D69F65064526}.Release|Any CPU.Build.0 = Release|Any CPU
	EndGlobalSection
	GlobalSection(SolutionProperties) = preSolution
		HideSolutionNode = FALSE
	EndGlobalSection
	GlobalSection(ExtensibilityGlobals) = postSolution
		SolutionGuid = {085B65C1-6D0F-402B-92B7-CD983504B8A0}
	EndGlobalSection
EndGlobal
