
Microsoft Visual Studio Solution File, Format Version 12.00
# Visual Studio Version 16
VisualStudioVersion = 16.0.31624.102
MinimumVisualStudioVersion = 10.0.40219.1
Project("{FAE04EC0-301F-11D3-BF4B-00C04F79EFBC}") = "Leccion8_DoWhile", "Leccion8_DoWhile\Leccion8_DoWhile.csproj", "{939792CE-648C-4815-9BCD-8890D00907EE}"
EndProject
Global
	GlobalSection(SolutionConfigurationPlatforms) = preSolution
		Debug|Any CPU = Debug|Any CPU
		Release|Any CPU = Release|Any CPU
	EndGlobalSection
	GlobalSection(ProjectConfigurationPlatforms) = postSolution
		{939792CE-648C-4815-9BCD-8890D00907EE}.Debug|Any CPU.ActiveCfg = Debug|Any CPU
		{939792CE-648C-4815-9BCD-8890D00907EE}.Debug|Any CPU.Build.0 = Debug|Any CPU
		{939792CE-648C-4815-9BCD-8890D00907EE}.Release|Any CPU.ActiveCfg = Release|Any CPU
		{939792CE-648C-4815-9BCD-8890D00907EE}.Release|Any CPU.Build.0 = Release|Any CPU
	EndGlobalSection
	GlobalSection(SolutionProperties) = preSolution
		HideSolutionNode = FALSE
	EndGlobalSection
	GlobalSection(ExtensibilityGlobals) = postSolution
		SolutionGuid = {14704D74-A118-43CB-BA1C-F603469EEA43}
	EndGlobalSection
EndGlobal
